
Microsoft Visual Studio Solution File, Format Version 12.00
# Visual Studio Version 17
VisualStudioVersion = 17.13.35828.75
MinimumVisualStudioVersion = 10.0.40219.1
Project("{FAE04EC0-301F-11D3-BF4B-00C04F79EFBC}") = "AppStore.Api", "src\AppStore\AppStore.Api.csproj", "{2A9BD54A-2486-7BB9-805D-E5F9CFC90DE2}"
EndProject
Project("{FAE04EC0-301F-11D3-BF4B-00C04F79EFBC}") = "AppStore.Data", "src\AppStore.Data\AppStore.Data.csproj", "{080DE7F7-C3CC-4319-849B-49984E37BB42}"
EndProject
Global
	GlobalSection(SolutionConfigurationPlatforms) = preSolution
		Debug|Any CPU = Debug|Any CPU
		Release|Any CPU = Release|Any CPU
	EndGlobalSection
	GlobalSection(ProjectConfigurationPlatforms) = postSolution
		{2A9BD54A-2486-7BB9-805D-E5F9CFC90DE2}.Debug|Any CPU.ActiveCfg = Debug|Any CPU
		{2A9BD54A-2486-7BB9-805D-E5F9CFC90DE2}.Debug|Any CPU.Build.0 = Debug|Any CPU
		{2A9BD54A-2486-7BB9-805D-E5F9CFC90DE2}.Release|Any CPU.ActiveCfg = Release|Any CPU
		{2A9BD54A-2486-7BB9-805D-E5F9CFC90DE2}.Release|Any CPU.Build.0 = Release|Any CPU
		{080DE7F7-C3CC-4319-849B-49984E37BB42}.Debug|Any CPU.ActiveCfg = Debug|Any CPU
		{080DE7F7-C3CC-4319-849B-49984E37BB42}.Debug|Any CPU.Build.0 = Debug|Any CPU
		{080DE7F7-C3CC-4319-849B-49984E37BB42}.Release|Any CPU.ActiveCfg = Release|Any CPU
		{080DE7F7-C3CC-4319-849B-49984E37BB42}.Release|Any CPU.Build.0 = Release|Any CPU
	EndGlobalSection
	GlobalSection(SolutionProperties) = preSolution
		HideSolutionNode = FALSE
	EndGlobalSection
	GlobalSection(ExtensibilityGlobals) = postSolution
		SolutionGuid = {D87BC5A3-9DBD-440F-BFDF-F16C6EED1BCF}
	EndGlobalSection
EndGlobal
